
Microsoft Visual Studio Solution File, Format Version 12.00
# Visual Studio Version 17
VisualStudioVersion = 17.0.31903.59
MinimumVisualStudioVersion = 10.0.40219.1
Project("{2150E333-8FDC-42A3-9474-1A3956D46DE8}") = "src", "src", "{2D59F861-D79D-4EA3-A145-68D877103844}"
EndProject
Project("{2150E333-8FDC-42A3-9474-1A3956D46DE8}") = "test", "test", "{86364216-B14F-49DE-B7D7-60FA0D6D7D45}"
EndProject
Project("{FAE04EC0-301F-11D3-BF4B-00C04F79EFBC}") = "Bookify.Domain", "src\Bookify.Domain\Bookify.Domain.csproj", "{8A424F61-D540-40FA-9389-2399AE2C39F9}"
EndProject
Global
	GlobalSection(SolutionConfigurationPlatforms) = preSolution
		Debug|Any CPU = Debug|Any CPU
		Release|Any CPU = Release|Any CPU
	EndGlobalSection
	GlobalSection(ProjectConfigurationPlatforms) = postSolution
		{8A424F61-D540-40FA-9389-2399AE2C39F9}.Debug|Any CPU.ActiveCfg = Debug|Any CPU
		{8A424F61-D540-40FA-9389-2399AE2C39F9}.Debug|Any CPU.Build.0 = Debug|Any CPU
		{8A424F61-D540-40FA-9389-2399AE2C39F9}.Release|Any CPU.ActiveCfg = Release|Any CPU
		{8A424F61-D540-40FA-9389-2399AE2C39F9}.Release|Any CPU.Build.0 = Release|Any CPU
	EndGlobalSection
	GlobalSection(SolutionProperties) = preSolution
		HideSolutionNode = FALSE
	EndGlobalSection
	GlobalSection(NestedProjects) = preSolution
		{8A424F61-D540-40FA-9389-2399AE2C39F9} = {2D59F861-D79D-4EA3-A145-68D877103844}
	EndGlobalSection
EndGlobal
